// !$*UTF8*$!
{
	archiveVersion = 1;
	classes = {
	};
	objectVersion = 77;
	objects = {

/* Begin PBXBuildFile section */
		A37D1E342DBDD887000BA706 /* PredictionAPI.swift in Sources */ = {isa = PBXBuildFile; fileRef = A37D1E332DBDD87D000BA706 /* PredictionAPI.swift */; };
		A37FF95C2DBB0FD00083866A /* HungerAppWatch Watch App.app in Embed Watch Content */ = {isa = PBXBuildFile; fileRef = A37FF94F2DBB0FCF0083866A /* HungerAppWatch Watch App.app */; settings = {ATTRIBUTES = (RemoveHeadersOnCopy, ); }; };
		A37FF9632DBB10030083866A /* WCSessionManager.swift in Sources */ = {isa = PBXBuildFile; fileRef = A37FF9622DBB0FF40083866A /* WCSessionManager.swift */; };
		A37FF9642DBB10030083866A /* WCSessionManager.swift in Sources */ = {isa = PBXBuildFile; fileRef = A37FF9622DBB0FF40083866A /* WCSessionManager.swift */; };
/* End PBXBuildFile section */

/* Begin PBXContainerItemProxy section */
		A37FF95A2DBB0FD00083866A /* PBXContainerItemProxy */ = {
			isa = PBXContainerItemProxy;
			containerPortal = A37FF8DD2DBB0C840083866A /* Project object */;
			proxyType = 1;
			remoteGlobalIDString = A37FF94E2DBB0FCF0083866A;
			remoteInfo = "HungerAppWatch Watch App";
		};
/* End PBXContainerItemProxy section */

/* Begin PBXCopyFilesBuildPhase section */
		A37FF90B2DBB0CC60083866A /* Embed Watch Content */ = {
			isa = PBXCopyFilesBuildPhase;
			buildActionMask = 2147483647;
			dstPath = "$(CONTENTS_FOLDER_PATH)/Watch";
			dstSubfolderSpec = 16;
			files = (
				A37FF95C2DBB0FD00083866A /* HungerAppWatch Watch App.app in Embed Watch Content */,
			);
			name = "Embed Watch Content";
			runOnlyForDeploymentPostprocessing = 0;
		};
/* End PBXCopyFilesBuildPhase section */

/* Begin PBXFileReference section */
		A37D1E332DBDD87D000BA706 /* PredictionAPI.swift */ = {isa = PBXFileReference; lastKnownFileType = sourcecode.swift; path = PredictionAPI.swift; sourceTree = "<group>"; };
		A37FF8E52DBB0C840083866A /* HungerApp.app */ = {isa = PBXFileReference; explicitFileType = wrapper.application; includeInIndex = 0; path = HungerApp.app; sourceTree = BUILT_PRODUCTS_DIR; };
		A37FF94F2DBB0FCF0083866A /* HungerAppWatch Watch App.app */ = {isa = PBXFileReference; explicitFileType = wrapper.application; includeInIndex = 0; path = "HungerAppWatch Watch App.app"; sourceTree = BUILT_PRODUCTS_DIR; };
		A37FF9622DBB0FF40083866A /* WCSessionManager.swift */ = {isa = PBXFileReference; lastKnownFileType = sourcecode.swift; path = WCSessionManager.swift; sourceTree = "<group>"; };
/* End PBXFileReference section */

/* Begin PBXFileSystemSynchronizedBuildFileExceptionSet section */
		A37FF9692DBC31470083866A /* Exceptions for "HungerApp" folder in "HungerApp" target */ = {
			isa = PBXFileSystemSynchronizedBuildFileExceptionSet;
			membershipExceptions = (
				Info.plist,
			);
			target = A37FF8E42DBB0C840083866A /* HungerApp */;
		};
/* End PBXFileSystemSynchronizedBuildFileExceptionSet section */

/* Begin PBXFileSystemSynchronizedRootGroup section */
		A37FF8E72DBB0C840083866A /* HungerApp */ = {
			isa = PBXFileSystemSynchronizedRootGroup;
			exceptions = (
				A37FF9692DBC31470083866A /* Exceptions for "HungerApp" folder in "HungerApp" target */,
			);
			path = HungerApp;
			sourceTree = "<group>";
		};
		A37FF9502DBB0FCF0083866A /* HungerAppWatch Watch App */ = {
			isa = PBXFileSystemSynchronizedRootGroup;
			path = "HungerAppWatch Watch App";
			sourceTree = "<group>";
		};
/* End PBXFileSystemSynchronizedRootGroup section */

/* Begin PBXFrameworksBuildPhase section */
		A37FF8E22DBB0C840083866A /* Frameworks */ = {
			isa = PBXFrameworksBuildPhase;
			buildActionMask = 2147483647;
			files = (
			);
			runOnlyForDeploymentPostprocessing = 0;
		};
		A37FF94C2DBB0FCF0083866A /* Frameworks */ = {
			isa = PBXFrameworksBuildPhase;
			buildActionMask = 2147483647;
			files = (
			);
			runOnlyForDeploymentPostprocessing = 0;
		};
/* End PBXFrameworksBuildPhase section */

/* Begin PBXGroup section */
		A37FF8DC2DBB0C840083866A = {
			isa = PBXGroup;
			children = (
				A37FF9602DBB0FE30083866A /* Shared */,
				A37FF8E72DBB0C840083866A /* HungerApp */,
				A37FF9502DBB0FCF0083866A /* HungerAppWatch Watch App */,
				A37FF8E62DBB0C840083866A /* Products */,
			);
			sourceTree = "<group>";
		};
		A37FF8E62DBB0C840083866A /* Products */ = {
			isa = PBXGroup;
			children = (
				A37FF8E52DBB0C840083866A /* HungerApp.app */,
				A37FF94F2DBB0FCF0083866A /* HungerAppWatch Watch App.app */,
			);
			name = Products;
			sourceTree = "<group>";
		};
		A37FF9602DBB0FE30083866A /* Shared */ = {
			isa = PBXGroup;
			children = (
				A37FF9612DBB0FEC0083866A /* Services */,
			);
			path = Shared;
			sourceTree = "<group>";
		};
		A37FF9612DBB0FEC0083866A /* Services */ = {
			isa = PBXGroup;
			children = (
				A37D1E332DBDD87D000BA706 /* PredictionAPI.swift */,
				A37FF9622DBB0FF40083866A /* WCSessionManager.swift */,
			);
			path = Services;
			sourceTree = "<group>";
		};
/* End PBXGroup section */

/* Begin PBXNativeTarget section */
		A37FF8E42DBB0C840083866A /* HungerApp */ = {
			isa = PBXNativeTarget;
			buildConfigurationList = A37FF8F32DBB0C850083866A /* Build configuration list for PBXNativeTarget "HungerApp" */;
			buildPhases = (
				A37FF8E12DBB0C840083866A /* Sources */,
				A37FF8E22DBB0C840083866A /* Frameworks */,
				A37FF8E32DBB0C840083866A /* Resources */,
				A37FF90B2DBB0CC60083866A /* Embed Watch Content */,
			);
			buildRules = (
			);
			dependencies = (
				A37FF95B2DBB0FD00083866A /* PBXTargetDependency */,
			);
			fileSystemSynchronizedGroups = (
				A37FF8E72DBB0C840083866A /* HungerApp */,
			);
			name = HungerApp;
			packageProductDependencies = (
			);
			productName = HungerApp;
			productReference = A37FF8E52DBB0C840083866A /* HungerApp.app */;
			productType = "com.apple.product-type.application";
		};
		A37FF94E2DBB0FCF0083866A /* HungerAppWatch Watch App */ = {
			isa = PBXNativeTarget;
			buildConfigurationList = A37FF95D2DBB0FD00083866A /* Build configuration list for PBXNativeTarget "HungerAppWatch Watch App" */;
			buildPhases = (
				A37FF94B2DBB0FCF0083866A /* Sources */,
				A37FF94C2DBB0FCF0083866A /* Frameworks */,
				A37FF94D2DBB0FCF0083866A /* Resources */,
			);
			buildRules = (
			);
			dependencies = (
			);
			fileSystemSynchronizedGroups = (
				A37FF9502DBB0FCF0083866A /* HungerAppWatch Watch App */,
			);
			name = "HungerAppWatch Watch App";
			packageProductDependencies = (
			);
			productName = "HungerAppWatch Watch App";
			productReference = A37FF94F2DBB0FCF0083866A /* HungerAppWatch Watch App.app */;
			productType = "com.apple.product-type.application";
		};
/* End PBXNativeTarget section */

/* Begin PBXProject section */
		A37FF8DD2DBB0C840083866A /* Project object */ = {
			isa = PBXProject;
			attributes = {
				BuildIndependentTargetsInParallel = 1;
				LastSwiftUpdateCheck = 1620;
				LastUpgradeCheck = 1620;
				TargetAttributes = {
					A37FF8E42DBB0C840083866A = {
						CreatedOnToolsVersion = 16.2;
					};
					A37FF94E2DBB0FCF0083866A = {
						CreatedOnToolsVersion = 16.2;
					};
				};
			};
			buildConfigurationList = A37FF8E02DBB0C840083866A /* Build configuration list for PBXProject "HungerApp" */;
			developmentRegion = en;
			hasScannedForEncodings = 0;
			knownRegions = (
				en,
				Base,
			);
			mainGroup = A37FF8DC2DBB0C840083866A;
			minimizedProjectReferenceProxies = 1;
			preferredProjectObjectVersion = 77;
			productRefGroup = A37FF8E62DBB0C840083866A /* Products */;
			projectDirPath = "";
			projectRoot = "";
			targets = (
				A37FF8E42DBB0C840083866A /* HungerApp */,
				A37FF94E2DBB0FCF0083866A /* HungerAppWatch Watch App */,
			);
		};
/* End PBXProject section */

/* Begin PBXResourcesBuildPhase section */
		A37FF8E32DBB0C840083866A /* Resources */ = {
			isa = PBXResourcesBuildPhase;
			buildActionMask = 2147483647;
			files = (
			);
			runOnlyForDeploymentPostprocessing = 0;
		};
		A37FF94D2DBB0FCF0083866A /* Resources */ = {
			isa = PBXResourcesBuildPhase;
			buildActionMask = 2147483647;
			files = (
			);
			runOnlyForDeploymentPostprocessing = 0;
		};
/* End PBXResourcesBuildPhase section */

/* Begin PBXSourcesBuildPhase section */
		A37FF8E12DBB0C840083866A /* Sources */ = {
			isa = PBXSourcesBuildPhase;
			buildActionMask = 2147483647;
			files = (
				A37D1E342DBDD887000BA706 /* PredictionAPI.swift in Sources */,
				A37FF9632DBB10030083866A /* WCSessionManager.swift in Sources */,
			);
			runOnlyForDeploymentPostprocessing = 0;
		};
		A37FF94B2DBB0FCF0083866A /* Sources */ = {
			isa = PBXSourcesBuildPhase;
			buildActionMask = 2147483647;
			files = (
				A37FF9642DBB10030083866A /* WCSessionManager.swift in Sources */,
			);
			runOnlyForDeploymentPostprocessing = 0;
		};
/* End PBXSourcesBuildPhase section */

/* Begin PBXTargetDependency section */
		A37FF95B2DBB0FD00083866A /* PBXTargetDependency */ = {
			isa = PBXTargetDependency;
			target = A37FF94E2DBB0FCF0083866A /* HungerAppWatch Watch App */;
			targetProxy = A37FF95A2DBB0FD00083866A /* PBXContainerItemProxy */;
		};
/* End PBXTargetDependency section */

/* Begin XCBuildConfiguration section */
		A37FF8F12DBB0C850083866A /* Debug */ = {
			isa = XCBuildConfiguration;
			buildSettings = {
				ALWAYS_SEARCH_USER_PATHS = NO;
				ASSETCATALOG_COMPILER_GENERATE_SWIFT_ASSET_SYMBOL_EXTENSIONS = YES;
				CLANG_ANALYZER_NONNULL = YES;
				CLANG_ANALYZER_NUMBER_OBJECT_CONVERSION = YES_AGGRESSIVE;
				CLANG_CXX_LANGUAGE_STANDARD = "gnu++20";
				CLANG_ENABLE_MODULES = YES;
				CLANG_ENABLE_OBJC_ARC = YES;
				CLANG_ENABLE_OBJC_WEAK = YES;
				CLANG_WARN_BLOCK_CAPTURE_AUTORELEASING = YES;
				CLANG_WARN_BOOL_CONVERSION = YES;
				CLANG_WARN_COMMA = YES;
				CLANG_WARN_CONSTANT_CONVERSION = YES;
				CLANG_WARN_DEPRECATED_OBJC_IMPLEMENTATIONS = YES;
				CLANG_WARN_DIRECT_OBJC_ISA_USAGE = YES_ERROR;
				CLANG_WARN_DOCUMENTATION_COMMENTS = YES;
				CLANG_WARN_EMPTY_BODY = YES;
				CLANG_WARN_ENUM_CONVERSION = YES;
				CLANG_WARN_INFINITE_RECURSION = YES;
				CLANG_WARN_INT_CONVERSION = YES;
				CLANG_WARN_NON_LITERAL_NULL_CONVERSION = YES;
				CLANG_WARN_OBJC_IMPLICIT_RETAIN_SELF = YES;
				CLANG_WARN_OBJC_LITERAL_CONVERSION = YES;
				CLANG_WARN_OBJC_ROOT_CLASS = YES_ERROR;
				CLANG_WARN_QUOTED_INCLUDE_IN_FRAMEWORK_HEADER = YES;
				CLANG_WARN_RANGE_LOOP_ANALYSIS = YES;
				CLANG_WARN_STRICT_PROTOTYPES = YES;
				CLANG_WARN_SUSPICIOUS_MOVE = YES;
				CLANG_WARN_UNGUARDED_AVAILABILITY = YES_AGGRESSIVE;
				CLANG_WARN_UNREACHABLE_CODE = YES;
				CLANG_WARN__DUPLICATE_METHOD_MATCH = YES;
				COPY_PHASE_STRIP = NO;
				DEBUG_INFORMATION_FORMAT = dwarf;
				ENABLE_STRICT_OBJC_MSGSEND = YES;
				ENABLE_TESTABILITY = YES;
				ENABLE_USER_SCRIPT_SANDBOXING = YES;
				GCC_C_LANGUAGE_STANDARD = gnu17;
				GCC_DYNAMIC_NO_PIC = NO;
				GCC_NO_COMMON_BLOCKS = YES;
				GCC_OPTIMIZATION_LEVEL = 0;
				GCC_PREPROCESSOR_DEFINITIONS = (
					"DEBUG=1",
					"$(inherited)",
				);
				GCC_WARN_64_TO_32_BIT_CONVERSION = YES;
				GCC_WARN_ABOUT_RETURN_TYPE = YES_ERROR;
				GCC_WARN_UNDECLARED_SELECTOR = YES;
				GCC_WARN_UNINITIALIZED_AUTOS = YES_AGGRESSIVE;
				GCC_WARN_UNUSED_FUNCTION = YES;
				GCC_WARN_UNUSED_VARIABLE = YES;
				IPHONEOS_DEPLOYMENT_TARGET = 18.2;
				LOCALIZATION_PREFERS_STRING_CATALOGS = YES;
				MTL_ENABLE_DEBUG_INFO = INCLUDE_SOURCE;
				MTL_FAST_MATH = YES;
				ONLY_ACTIVE_ARCH = YES;
				SDKROOT = iphoneos;
				SWIFT_ACTIVE_COMPILATION_CONDITIONS = "DEBUG $(inherited)";
				SWIFT_OPTIMIZATION_LEVEL = "-Onone";
			};
			name = Debug;
		};
		A37FF8F22DBB0C850083866A /* Release */ = {
			isa = XCBuildConfiguration;
			buildSettings = {
				ALWAYS_SEARCH_USER_PATHS = NO;
				ASSETCATALOG_COMPILER_GENERATE_SWIFT_ASSET_SYMBOL_EXTENSIONS = YES;
				CLANG_ANALYZER_NONNULL = YES;
				CLANG_ANALYZER_NUMBER_OBJECT_CONVERSION = YES_AGGRESSIVE;
				CLANG_CXX_LANGUAGE_STANDARD = "gnu++20";
				CLANG_ENABLE_MODULES = YES;
				CLANG_ENABLE_OBJC_ARC = YES;
				CLANG_ENABLE_OBJC_WEAK = YES;
				CLANG_WARN_BLOCK_CAPTURE_AUTORELEASING = YES;
				CLANG_WARN_BOOL_CONVERSION = YES;
				CLANG_WARN_COMMA = YES;
				CLANG_WARN_CONSTANT_CONVERSION = YES;
				CLANG_WARN_DEPRECATED_OBJC_IMPLEMENTATIONS = YES;
				CLANG_WARN_DIRECT_OBJC_ISA_USAGE = YES_ERROR;
				CLANG_WARN_DOCUMENTATION_COMMENTS = YES;
				CLANG_WARN_EMPTY_BODY = YES;
				CLANG_WARN_ENUM_CONVERSION = YES;
				CLANG_WARN_INFINITE_RECURSION = YES;
				CLANG_WARN_INT_CONVERSION = YES;
				CLANG_WARN_NON_LITERAL_NULL_CONVERSION = YES;
				CLANG_WARN_OBJC_IMPLICIT_RETAIN_SELF = YES;
				CLANG_WARN_OBJC_LITERAL_CONVERSION = YES;
				CLANG_WARN_OBJC_ROOT_CLASS = YES_ERROR;
				CLANG_WARN_QUOTED_INCLUDE_IN_FRAMEWORK_HEADER = YES;
				CLANG_WARN_RANGE_LOOP_ANALYSIS = YES;
				CLANG_WARN_STRICT_PROTOTYPES = YES;
				CLANG_WARN_SUSPICIOUS_MOVE = YES;
				CLANG_WARN_UNGUARDED_AVAILABILITY = YES_AGGRESSIVE;
				CLANG_WARN_UNREACHABLE_CODE = YES;
				CLANG_WARN__DUPLICATE_METHOD_MATCH = YES;
				COPY_PHASE_STRIP = NO;
				DEBUG_INFORMATION_FORMAT = "dwarf-with-dsym";
				ENABLE_NS_ASSERTIONS = NO;
				ENABLE_STRICT_OBJC_MSGSEND = YES;
				ENABLE_USER_SCRIPT_SANDBOXING = YES;
				GCC_C_LANGUAGE_STANDARD = gnu17;
				GCC_NO_COMMON_BLOCKS = YES;
				GCC_WARN_64_TO_32_BIT_CONVERSION = YES;
				GCC_WARN_ABOUT_RETURN_TYPE = YES_ERROR;
				GCC_WARN_UNDECLARED_SELECTOR = YES;
				GCC_WARN_UNINITIALIZED_AUTOS = YES_AGGRESSIVE;
				GCC_WARN_UNUSED_FUNCTION = YES;
				GCC_WARN_UNUSED_VARIABLE = YES;
				IPHONEOS_DEPLOYMENT_TARGET = 18.2;
				LOCALIZATION_PREFERS_STRING_CATALOGS = YES;
				MTL_ENABLE_DEBUG_INFO = NO;
				MTL_FAST_MATH = YES;
				SDKROOT = iphoneos;
				SWIFT_COMPILATION_MODE = wholemodule;
				VALIDATE_PRODUCT = YES;
			};
			name = Release;
		};
		A37FF8F42DBB0C850083866A /* Debug */ = {
			isa = XCBuildConfiguration;
			buildSettings = {
				ASSETCATALOG_COMPILER_APPICON_NAME = AppIcon;
				ASSETCATALOG_COMPILER_GLOBAL_ACCENT_COLOR_NAME = AccentColor;
				CODE_SIGN_ENTITLEMENTS = HungerApp/HungerApp.entitlements;
				CODE_SIGN_STYLE = Automatic;
				CURRENT_PROJECT_VERSION = 1;
				DEVELOPMENT_ASSET_PATHS = "\"HungerApp/Preview Content\"";
				DEVELOPMENT_TEAM = UH4Z96FH4L;
				ENABLE_PREVIEWS = YES;
				GENERATE_INFOPLIST_FILE = YES;
				INFOPLIST_FILE = HungerApp/Info.plist;
				INFOPLIST_KEY_NSHealthShareUsageDescription = "Reading HR to determine if you are hungry";
				INFOPLIST_KEY_UIApplicationSceneManifest_Generation = YES;
				INFOPLIST_KEY_UIApplicationSupportsIndirectInputEvents = YES;
				INFOPLIST_KEY_UILaunchScreen_Generation = YES;
				INFOPLIST_KEY_UISupportedInterfaceOrientations_iPad = "UIInterfaceOrientationPortrait UIInterfaceOrientationPortraitUpsideDown UIInterfaceOrientationLandscapeLeft UIInterfaceOrientationLandscapeRight";
				INFOPLIST_KEY_UISupportedInterfaceOrientations_iPhone = "UIInterfaceOrientationPortrait UIInterfaceOrientationLandscapeLeft UIInterfaceOrientationLandscapeRight";
				LD_RUNPATH_SEARCH_PATHS = (
					"$(inherited)",
					"@executable_path/Frameworks",
				);
				MARKETING_VERSION = 1.0;
				PRODUCT_BUNDLE_IDENTIFIER = yechanseo.HungerApp;
				PRODUCT_NAME = "$(TARGET_NAME)";
				SWIFT_EMIT_LOC_STRINGS = YES;
				SWIFT_VERSION = 5.0;
				TARGETED_DEVICE_FAMILY = "1,2";
			};
			name = Debug;
		};
		A37FF8F52DBB0C850083866A /* Release */ = {
			isa = XCBuildConfiguration;
			buildSettings = {
				ASSETCATALOG_COMPILER_APPICON_NAME = AppIcon;
				ASSETCATALOG_COMPILER_GLOBAL_ACCENT_COLOR_NAME = AccentColor;
				CODE_SIGN_ENTITLEMENTS = HungerApp/HungerApp.entitlements;
				CODE_SIGN_STYLE = Automatic;
				CURRENT_PROJECT_VERSION = 1;
				DEVELOPMENT_ASSET_PATHS = "\"HungerApp/Preview Content\"";
				DEVELOPMENT_TEAM = UH4Z96FH4L;
				ENABLE_PREVIEWS = YES;
				GENERATE_INFOPLIST_FILE = YES;
				INFOPLIST_FILE = HungerApp/Info.plist;
				INFOPLIST_KEY_NSHealthShareUsageDescription = "Reading HR to determine if you are hungry";
				INFOPLIST_KEY_UIApplicationSceneManifest_Generation = YES;
				INFOPLIST_KEY_UIApplicationSupportsIndirectInputEvents = YES;
				INFOPLIST_KEY_UILaunchScreen_Generation = YES;
				INFOPLIST_KEY_UISupportedInterfaceOrientations_iPad = "UIInterfaceOrientationPortrait UIInterfaceOrientationPortraitUpsideDown UIInterfaceOrientationLandscapeLeft UIInterfaceOrientationLandscapeRight";
				INFOPLIST_KEY_UISupportedInterfaceOrientations_iPhone = "UIInterfaceOrientationPortrait UIInterfaceOrientationLandscapeLeft UIInterfaceOrientationLandscapeRight";
				LD_RUNPATH_SEARCH_PATHS = (
					"$(inherited)",
					"@executable_path/Frameworks",
				);
				MARKETING_VERSION = 1.0;
				PRODUCT_BUNDLE_IDENTIFIER = yechanseo.HungerApp;
				PRODUCT_NAME = "$(TARGET_NAME)";
				SWIFT_EMIT_LOC_STRINGS = YES;
				SWIFT_VERSION = 5.0;
				TARGETED_DEVICE_FAMILY = "1,2";
			};
			name = Release;
		};
		A37FF95E2DBB0FD00083866A /* Debug */ = {
			isa = XCBuildConfiguration;
			buildSettings = {
				ASSETCATALOG_COMPILER_APPICON_NAME = AppIcon;
				ASSETCATALOG_COMPILER_GLOBAL_ACCENT_COLOR_NAME = AccentColor;
				CODE_SIGN_ENTITLEMENTS = "HungerAppWatch Watch App/HungerAppWatch Watch App.entitlements";
				CODE_SIGN_STYLE = Automatic;
				CURRENT_PROJECT_VERSION = 1;
				DEVELOPMENT_ASSET_PATHS = "\"HungerAppWatch Watch App/Preview Content\"";
				DEVELOPMENT_TEAM = UH4Z96FH4L;
				ENABLE_PREVIEWS = YES;
				GENERATE_INFOPLIST_FILE = YES;
				INFOPLIST_FILE = "HungerAppWatch-Watch-App-Info.plist";
				INFOPLIST_KEY_CFBundleDisplayName = HungerAppWatch;
				INFOPLIST_KEY_NSHealthShareUsageDescription = "Reading HR to determine if you are hungry";
				INFOPLIST_KEY_UISupportedInterfaceOrientations = "UIInterfaceOrientationPortrait UIInterfaceOrientationPortraitUpsideDown";
				INFOPLIST_KEY_WKCompanionAppBundleIdentifier = yechanseo.HungerApp;
				LD_RUNPATH_SEARCH_PATHS = (
					"$(inherited)",
					"@executable_path/Frameworks",
				);
				MARKETING_VERSION = 1.0;
				PRODUCT_BUNDLE_IDENTIFIER = yechanseo.HungerApp.watchkitapp;
				PRODUCT_NAME = "$(TARGET_NAME)";
				SDKROOT = watchos;
				SKIP_INSTALL = YES;
				SWIFT_EMIT_LOC_STRINGS = YES;
				SWIFT_VERSION = 5.0;
				TARGETED_DEVICE_FAMILY = 4;
				WATCHOS_DEPLOYMENT_TARGET = 11.2;
			};
			name = Debug;
		};
		A37FF95F2DBB0FD00083866A /* Release */ = {
			isa = XCBuildConfiguration;
			buildSettings = {
				ASSETCATALOG_COMPILER_APPICON_NAME = AppIcon;
				ASSETCATALOG_COMPILER_GLOBAL_ACCENT_COLOR_NAME = AccentColor;
				CODE_SIGN_ENTITLEMENTS = "HungerAppWatch Watch App/HungerAppWatch Watch App.entitlements";
				CODE_SIGN_STYLE = Automatic;
				CURRENT_PROJECT_VERSION = 1;
				DEVELOPMENT_ASSET_PATHS = "\"HungerAppWatch Watch App/Preview Content\"";
				DEVELOPMENT_TEAM = UH4Z96FH4L;
				ENABLE_PREVIEWS = YES;
				GENERATE_INFOPLIST_FILE = YES;
				INFOPLIST_FILE = "HungerAppWatch-Watch-App-Info.plist";
				INFOPLIST_KEY_CFBundleDisplayName = HungerAppWatch;
				INFOPLIST_KEY_NSHealthShareUsageDescription = "Reading HR to determine if you are hungry";
				INFOPLIST_KEY_UISupportedInterfaceOrientations = "UIInterfaceOrientationPortrait UIInterfaceOrientationPortraitUpsideDown";
				INFOPLIST_KEY_WKCompanionAppBundleIdentifier = yechanseo.HungerApp;
				LD_RUNPATH_SEARCH_PATHS = (
					"$(inherited)",
					"@executable_path/Frameworks",
				);
				MARKETING_VERSION = 1.0;
				PRODUCT_BUNDLE_IDENTIFIER = yechanseo.HungerApp.watchkitapp;
				PRODUCT_NAME = "$(TARGET_NAME)";
				SDKROOT = watchos;
				SKIP_INSTALL = YES;
				SWIFT_EMIT_LOC_STRINGS = YES;
				SWIFT_VERSION = 5.0;
				TARGETED_DEVICE_FAMILY = 4;
				WATCHOS_DEPLOYMENT_TARGET = 11.2;
			};
			name = Release;
		};
/* End XCBuildConfiguration section */

/* Begin XCConfigurationList section */
		A37FF8E02DBB0C840083866A /* Build configuration list for PBXProject "HungerApp" */ = {
			isa = XCConfigurationList;
			buildConfigurations = (
				A37FF8F12DBB0C850083866A /* Debug */,
				A37FF8F22DBB0C850083866A /* Release */,
			);
			defaultConfigurationIsVisible = 0;
			defaultConfigurationName = Release;
		};
		A37FF8F32DBB0C850083866A /* Build configuration list for PBXNativeTarget "HungerApp" */ = {
			isa = XCConfigurationList;
			buildConfigurations = (
				A37FF8F42DBB0C850083866A /* Debug */,
				A37FF8F52DBB0C850083866A /* Release */,
			);
			defaultConfigurationIsVisible = 0;
			defaultConfigurationName = Release;
		};
		A37FF95D2DBB0FD00083866A /* Build configuration list for PBXNativeTarget "HungerAppWatch Watch App" */ = {
			isa = XCConfigurationList;
			buildConfigurations = (
				A37FF95E2DBB0FD00083866A /* Debug */,
				A37FF95F2DBB0FD00083866A /* Release */,
			);
			defaultConfigurationIsVisible = 0;
			defaultConfigurationName = Release;
		};
/* End XCConfigurationList section */
	};
	rootObject = A37FF8DD2DBB0C840083866A /* Project object */;
}
